
Microsoft Visual Studio Solution File, Format Version 12.00
# Visual Studio Version 16
VisualStudioVersion = 16.0.30523.141
MinimumVisualStudioVersion = 10.0.40219.1
Project("{9A19103F-16F7-4668-BE54-9A1E7A4F7556}") = "KeyBoardChat", "Server\KeyBoardChat.csproj", "{36D61543-E909-4144-BB72-87A0079D4FBE}"
EndProject
Project("{FAE04EC0-301F-11D3-BF4B-00C04F79EFBC}") = "KeyBoardChat.Web", "KeyBoardChat.Web\KeyBoardChat.Web.csproj", "{765992D0-CB4A-4552-AA2F-27D21C5555AB}"
EndProject
Project("{FAE04EC0-301F-11D3-BF4B-00C04F79EFBC}") = "KeyBoardChat.DataAccess", "KeyBoardChat.DataAccess\KeyBoardChat.DataAccess.csproj", "{7DDB3C72-8360-4007-B1F0-4065C002AEDE}"
EndProject
Global
	GlobalSection(SolutionConfigurationPlatforms) = preSolution
		Debug|Any CPU = Debug|Any CPU
		Release|Any CPU = Release|Any CPU
	EndGlobalSection
	GlobalSection(ProjectConfigurationPlatforms) = postSolution
		{36D61543-E909-4144-BB72-87A0079D4FBE}.Debug|Any CPU.ActiveCfg = Debug|Any CPU
		{36D61543-E909-4144-BB72-87A0079D4FBE}.Debug|Any CPU.Build.0 = Debug|Any CPU
		{36D61543-E909-4144-BB72-87A0079D4FBE}.Release|Any CPU.ActiveCfg = Release|Any CPU
		{36D61543-E909-4144-BB72-87A0079D4FBE}.Release|Any CPU.Build.0 = Release|Any CPU
		{765992D0-CB4A-4552-AA2F-27D21C5555AB}.Debug|Any CPU.ActiveCfg = Debug|Any CPU
		{765992D0-CB4A-4552-AA2F-27D21C5555AB}.Debug|Any CPU.Build.0 = Debug|Any CPU
		{765992D0-CB4A-4552-AA2F-27D21C5555AB}.Release|Any CPU.ActiveCfg = Release|Any CPU
		{765992D0-CB4A-4552-AA2F-27D21C5555AB}.Release|Any CPU.Build.0 = Release|Any CPU
		{7DDB3C72-8360-4007-B1F0-4065C002AEDE}.Debug|Any CPU.ActiveCfg = Debug|Any CPU
		{7DDB3C72-8360-4007-B1F0-4065C002AEDE}.Debug|Any CPU.Build.0 = Debug|Any CPU
		{7DDB3C72-8360-4007-B1F0-4065C002AEDE}.Release|Any CPU.ActiveCfg = Release|Any CPU
		{7DDB3C72-8360-4007-B1F0-4065C002AEDE}.Release|Any CPU.Build.0 = Release|Any CPU
	EndGlobalSection
	GlobalSection(SolutionProperties) = preSolution
		HideSolutionNode = FALSE
	EndGlobalSection
	GlobalSection(ExtensibilityGlobals) = postSolution
		SolutionGuid = {7B1E3315-C4E0-4616-86CB-6E1A2E7BD4E4}
	EndGlobalSection
EndGlobal
